{
  "pins" : [
    {
      "identity" : "ffmpegkit",
      "kind" : "remoteSourceControl",
      "location" : "https://github.com/danielebogo/FFmpegKit.git",
      "state" : {
        "branch" : "main",
        "revision" : "9d7a0d196997f2f2e88068650c69a2488faaf9ab"
      }
    }
  ],
  "version" : 2
}
